
Microsoft Visual Studio Solution File, Format Version 12.00
# Visual Studio Version 16
VisualStudioVersion = 16.0.30330.147
MinimumVisualStudioVersion = 10.0.40219.1
Project("{9A19103F-16F7-4668-BE54-9A1E7A4F7556}") = "DiscordWatchBot", "DiscordWatchBot\DiscordWatchBot.csproj", "{1AAA1D59-3FE7-4E16-9FB8-492DFDDF1160}"
EndProject
Project("{FAE04EC0-301F-11D3-BF4B-00C04F79EFBC}") = "DiscordWatchBot.YeeLightIntegration", "DiscordWatchBot.YeeLightIntegration\DiscordWatchBot.YeeLightIntegration.csproj", "{5FD1DC97-37A7-4C2B-9618-BAABC7FD59C3}"
EndProject
Project("{FAE04EC0-301F-11D3-BF4B-00C04F79EFBC}") = "DiscordWatchBot.DiscordIntegration", "DiscordWatchBot.DiscordIntegration\DiscordWatchBot.DiscordIntegration.csproj", "{872126AC-7FF3-491A-B33A-71D386E2E106}"
EndProject
Project("{FAE04EC0-301F-11D3-BF4B-00C04F79EFBC}") = "DiscordWatchBot.Common", "DiscordWatchBot.Common\DiscordWatchBot.Common.csproj", "{B735C7D7-4F2D-4D36-9633-0A604FCE7AD3}"
EndProject
Global
	GlobalSection(SolutionConfigurationPlatforms) = preSolution
		Debug|Any CPU = Debug|Any CPU
		Release|Any CPU = Release|Any CPU
	EndGlobalSection
	GlobalSection(ProjectConfigurationPlatforms) = postSolution
		{1AAA1D59-3FE7-4E16-9FB8-492DFDDF1160}.Debug|Any CPU.ActiveCfg = Debug|Any CPU
		{1AAA1D59-3FE7-4E16-9FB8-492DFDDF1160}.Debug|Any CPU.Build.0 = Debug|Any CPU
		{1AAA1D59-3FE7-4E16-9FB8-492DFDDF1160}.Release|Any CPU.ActiveCfg = Release|Any CPU
		{1AAA1D59-3FE7-4E16-9FB8-492DFDDF1160}.Release|Any CPU.Build.0 = Release|Any CPU
		{5FD1DC97-37A7-4C2B-9618-BAABC7FD59C3}.Debug|Any CPU.ActiveCfg = Debug|Any CPU
		{5FD1DC97-37A7-4C2B-9618-BAABC7FD59C3}.Debug|Any CPU.Build.0 = Debug|Any CPU
		{5FD1DC97-37A7-4C2B-9618-BAABC7FD59C3}.Release|Any CPU.ActiveCfg = Release|Any CPU
		{5FD1DC97-37A7-4C2B-9618-BAABC7FD59C3}.Release|Any CPU.Build.0 = Release|Any CPU
		{872126AC-7FF3-491A-B33A-71D386E2E106}.Debug|Any CPU.ActiveCfg = Debug|Any CPU
		{872126AC-7FF3-491A-B33A-71D386E2E106}.Debug|Any CPU.Build.0 = Debug|Any CPU
		{872126AC-7FF3-491A-B33A-71D386E2E106}.Release|Any CPU.ActiveCfg = Release|Any CPU
		{872126AC-7FF3-491A-B33A-71D386E2E106}.Release|Any CPU.Build.0 = Release|Any CPU
		{B735C7D7-4F2D-4D36-9633-0A604FCE7AD3}.Debug|Any CPU.ActiveCfg = Debug|Any CPU
		{B735C7D7-4F2D-4D36-9633-0A604FCE7AD3}.Debug|Any CPU.Build.0 = Debug|Any CPU
		{B735C7D7-4F2D-4D36-9633-0A604FCE7AD3}.Release|Any CPU.ActiveCfg = Release|Any CPU
		{B735C7D7-4F2D-4D36-9633-0A604FCE7AD3}.Release|Any CPU.Build.0 = Release|Any CPU
	EndGlobalSection
	GlobalSection(SolutionProperties) = preSolution
		HideSolutionNode = FALSE
	EndGlobalSection
	GlobalSection(ExtensibilityGlobals) = postSolution
		SolutionGuid = {F6FB986A-5B8A-495F-98AE-9802E79A85C7}
	EndGlobalSection
EndGlobal
